
Microsoft Visual Studio Solution File, Format Version 12.00
# Visual Studio Version 17
VisualStudioVersion = 17.13.35919.96 d17.13
MinimumVisualStudioVersion = 10.0.40219.1
Project("{888888A0-9F3D-457C-B088-3A5042F75D52}") = "sontechERP", "sontechERP\sontechERP.pyproj", "{4AADE369-2EE3-4DBB-B351-4B868F03E991}"
EndProject
Global
	GlobalSection(SolutionConfigurationPlatforms) = preSolution
		Debug|Any CPU = Debug|Any CPU
		Release|Any CPU = Release|Any CPU
	EndGlobalSection
	GlobalSection(ProjectConfigurationPlatforms) = postSolution
		{4AADE369-2EE3-4DBB-B351-4B868F03E991}.Debug|Any CPU.ActiveCfg = Debug|Any CPU
		{4AADE369-2EE3-4DBB-B351-4B868F03E991}.Release|Any CPU.ActiveCfg = Release|Any CPU
	EndGlobalSection
	GlobalSection(SolutionProperties) = preSolution
		HideSolutionNode = FALSE
	EndGlobalSection
	GlobalSection(ExtensibilityGlobals) = postSolution
		SolutionGuid = {3BE65D92-B693-4AB2-8830-C57568777321}
	EndGlobalSection
EndGlobal
